
Microsoft Visual Studio Solution File, Format Version 12.00
# Visual Studio Version 17
VisualStudioVersion = 17.7.34024.191
MinimumVisualStudioVersion = 10.0.40219.1
Project("{9A19103F-16F7-4668-BE54-9A1E7A4F7556}") = "Entidades", "Entidades\Entidades.csproj", "{BD0D0616-2A86-4176-82CC-1F880F24925B}"
EndProject
Project("{FAE04EC0-301F-11D3-BF4B-00C04F79EFBC}") = "Formulario", "Fomr\Formulario.csproj", "{EC49F8CF-1F4A-4BBF-B3E3-5A50A434094A}"
EndProject
Project("{FAE04EC0-301F-11D3-BF4B-00C04F79EFBC}") = "UnitTest", "UnitTest\UnitTest.csproj", "{B5D17A72-7F04-4F46-9598-023683CC2E43}"
EndProject
Global
	GlobalSection(SolutionConfigurationPlatforms) = preSolution
		Debug|Any CPU = Debug|Any CPU
		Release|Any CPU = Release|Any CPU
	EndGlobalSection
	GlobalSection(ProjectConfigurationPlatforms) = postSolution
		{BD0D0616-2A86-4176-82CC-1F880F24925B}.Debug|Any CPU.ActiveCfg = Debug|Any CPU
		{BD0D0616-2A86-4176-82CC-1F880F24925B}.Debug|Any CPU.Build.0 = Debug|Any CPU
		{BD0D0616-2A86-4176-82CC-1F880F24925B}.Release|Any CPU.ActiveCfg = Release|Any CPU
		{BD0D0616-2A86-4176-82CC-1F880F24925B}.Release|Any CPU.Build.0 = Release|Any CPU
		{EC49F8CF-1F4A-4BBF-B3E3-5A50A434094A}.Debug|Any CPU.ActiveCfg = Debug|Any CPU
		{EC49F8CF-1F4A-4BBF-B3E3-5A50A434094A}.Debug|Any CPU.Build.0 = Debug|Any CPU
		{EC49F8CF-1F4A-4BBF-B3E3-5A50A434094A}.Release|Any CPU.ActiveCfg = Release|Any CPU
		{EC49F8CF-1F4A-4BBF-B3E3-5A50A434094A}.Release|Any CPU.Build.0 = Release|Any CPU
		{B5D17A72-7F04-4F46-9598-023683CC2E43}.Debug|Any CPU.ActiveCfg = Debug|Any CPU
		{B5D17A72-7F04-4F46-9598-023683CC2E43}.Debug|Any CPU.Build.0 = Debug|Any CPU
		{B5D17A72-7F04-4F46-9598-023683CC2E43}.Release|Any CPU.ActiveCfg = Release|Any CPU
		{B5D17A72-7F04-4F46-9598-023683CC2E43}.Release|Any CPU.Build.0 = Release|Any CPU
	EndGlobalSection
	GlobalSection(SolutionProperties) = preSolution
		HideSolutionNode = FALSE
	EndGlobalSection
	GlobalSection(ExtensibilityGlobals) = postSolution
		SolutionGuid = {693DDC5C-ECF4-4A34-8F9D-75B8A704F8BB}
	EndGlobalSection
EndGlobal
